
Microsoft Visual Studio Solution File, Format Version 12.00
# Visual Studio 2013
Project("{8BC9CEB8-8B4A-11D0-8D11-00A0C91BC942}") = "MasterAndSlave", "MasterAndSlave.vcxproj", "{A3D84E54-0AE9-42A4-B2D8-E3098ABD9BB5}"
EndProject
Global
	GlobalSection(SolutionConfigurationPlatforms) = preSolution
		Debug|x64 = Debug|x64
		Release|x64 = Release|x64
	EndGlobalSection
	GlobalSection(ProjectConfigurationPlatforms) = postSolution
		{A3D84E54-0AE9-42A4-B2D8-E3098ABD9BB5}.Debug|x64.ActiveCfg = Debug|x64
		{A3D84E54-0AE9-42A4-B2D8-E3098ABD9BB5}.Debug|x64.Build.0 = Debug|x64
		{A3D84E54-0AE9-42A4-B2D8-E3098ABD9BB5}.Release|x64.ActiveCfg = Release|x64
		{A3D84E54-0AE9-42A4-B2D8-E3098ABD9BB5}.Release|x64.Build.0 = Release|x64
	EndGlobalSection
	GlobalSection(SolutionProperties) = preSolution
		HideSolutionNode = FALSE
	EndGlobalSection
EndGlobal
