<Project ToolsVersion="4.0" xmlns="http://schemas.microsoft.com/developer/msbuild/2003">
  <ItemGroup>
    <Filter Include="Source Files">
      <UniqueIdentifier>{4FC737F1-C7A5-4376-A066-2A32D752A2FF}</UniqueIdentifier>
      <Extensions>cpp;c;cc;cxx;def;odl;idl;hpj;bat;asm;asmx</Extensions>
    </Filter>
    <Filter Include="Header Files">
      <UniqueIdentifier>{93995380-89BD-4b04-88EB-625FBE52EBFB}</UniqueIdentifier>
      <Extensions>h;hpp;hxx;hm;inl;inc;xsd</Extensions>
    </Filter>
    <Filter Include="Resource Files">
      <UniqueIdentifier>{67DA6AB6-F800-4c08-8B7A-83BB121AAD01}</UniqueIdentifier>
      <Extensions>rc;ico;cur;bmp;dlg;rc2;rct;bin;rgs;gif;jpg;jpeg;jpe;resx;tiff;tif;png;wav</Extensions>
    </Filter>
    <Filter Include="Blocks">
      <UniqueIdentifier>{9F5B12FB-F2BC-4F90-95BB-78CE9B5449C1}</UniqueIdentifier>
    </Filter>
    <Filter Include="Blocks\Asio">
      <UniqueIdentifier>{009CD48E-C2BE-4C5A-96D7-FAEF12486936}</UniqueIdentifier>
    </Filter>
    <Filter Include="Blocks\Asio\src">
      <UniqueIdentifier>{F25275D2-5F32-4FBC-9D77-FCC54E6F7585}</UniqueIdentifier>
    </Filter>
    <Filter Include="Blocks\CoC-SlaveDriver">
      <UniqueIdentifier>{C42E1EA9-C6EC-4CFE-AD35-01BB43FB3E30}</UniqueIdentifier>
    </Filter>
    <Filter Include="Blocks\CoC-SlaveDriver\src">
      <UniqueIdentifier>{FF03C409-7CF1-4E57-B121-083217EE0E38}</UniqueIdentifier>
    </Filter>
  </ItemGroup>
  <ItemGroup>
    <ClCompile Include="..\src\MasterAndSlaveApp.cpp">
      <Filter>Source Files</Filter>
    </ClCompile>
    <ClCompile Include="..\src\MasterAndSlaveApp.cpp">
      <Filter>Source Files</Filter>
    </ClCompile>
    <ClInclude Include="..\include\Resources.h">
      <Filter>Header Files</Filter>
    </ClInclude>
    <ClCompile Include="..\..\..\..\Cinder-Asio_banthrewind\src\ClientInterface.cpp">
      <Filter>Blocks\Asio\src</Filter>
    </ClCompile>
    <ClCompile Include="..\..\..\..\Cinder-Asio_banthrewind\src\DispatcherInterface.cpp">
      <Filter>Blocks\Asio\src</Filter>
    </ClCompile>
    <ClCompile Include="..\..\..\..\Cinder-Asio_banthrewind\src\ServerInterface.cpp">
      <Filter>Blocks\Asio\src</Filter>
    </ClCompile>
    <ClCompile Include="..\..\..\..\Cinder-Asio_banthrewind\src\SessionInterface.cpp">
      <Filter>Blocks\Asio\src</Filter>
    </ClCompile>
    <ClCompile Include="..\..\..\..\Cinder-Asio_banthrewind\src\TcpClient.cpp">
      <Filter>Blocks\Asio\src</Filter>
    </ClCompile>
    <ClCompile Include="..\..\..\..\Cinder-Asio_banthrewind\src\TcpServer.cpp">
      <Filter>Blocks\Asio\src</Filter>
    </ClCompile>
    <ClCompile Include="..\..\..\..\Cinder-Asio_banthrewind\src\TcpSession.cpp">
      <Filter>Blocks\Asio\src</Filter>
    </ClCompile>
    <ClCompile Include="..\..\..\..\Cinder-Asio_banthrewind\src\UdpClient.cpp">
      <Filter>Blocks\Asio\src</Filter>
    </ClCompile>
    <ClCompile Include="..\..\..\..\Cinder-Asio_banthrewind\src\UdpServer.cpp">
      <Filter>Blocks\Asio\src</Filter>
    </ClCompile>
    <ClCompile Include="..\..\..\..\Cinder-Asio_banthrewind\src\UdpSession.cpp">
      <Filter>Blocks\Asio\src</Filter>
    </ClCompile>
    <ClCompile Include="..\..\..\..\Cinder-Asio_banthrewind\src\WaitTimer.cpp">
      <Filter>Blocks\Asio\src</Filter>
    </ClCompile>
    <ClInclude Include="..\..\..\..\Cinder-Asio_banthrewind\src\CinderAsio.h">
      <Filter>Blocks\Asio\src</Filter>
    </ClInclude>
    <ClInclude Include="..\..\..\..\Cinder-Asio_banthrewind\src\ClientEventHandlerInterface.h">
      <Filter>Blocks\Asio\src</Filter>
    </ClInclude>
    <ClInclude Include="..\..\..\..\Cinder-Asio_banthrewind\src\ClientInterface.h">
      <Filter>Blocks\Asio\src</Filter>
    </ClInclude>
    <ClInclude Include="..\..\..\..\Cinder-Asio_banthrewind\src\DispatcherEventHandlerInterface.h">
      <Filter>Blocks\Asio\src</Filter>
    </ClInclude>
    <ClInclude Include="..\..\..\..\Cinder-Asio_banthrewind\src\DispatcherInterface.h">
      <Filter>Blocks\Asio\src</Filter>
    </ClInclude>
    <ClInclude Include="..\..\..\..\Cinder-Asio_banthrewind\src\ServerEventHandlerInterface.h">
      <Filter>Blocks\Asio\src</Filter>
    </ClInclude>
    <ClInclude Include="..\..\..\..\Cinder-Asio_banthrewind\src\ServerInterface.h">
      <Filter>Blocks\Asio\src</Filter>
    </ClInclude>
    <ClInclude Include="..\..\..\..\Cinder-Asio_banthrewind\src\SessionEventHandlerInterface.h">
      <Filter>Blocks\Asio\src</Filter>
    </ClInclude>
    <ClInclude Include="..\..\..\..\Cinder-Asio_banthrewind\src\SessionInterface.h">
      <Filter>Blocks\Asio\src</Filter>
    </ClInclude>
    <ClInclude Include="..\..\..\..\Cinder-Asio_banthrewind\src\TcpClient.h">
      <Filter>Blocks\Asio\src</Filter>
    </ClInclude>
    <ClInclude Include="..\..\..\..\Cinder-Asio_banthrewind\src\TcpClientEventHandlerInterface.h">
      <Filter>Blocks\Asio\src</Filter>
    </ClInclude>
    <ClInclude Include="..\..\..\..\Cinder-Asio_banthrewind\src\TcpServer.h">
      <Filter>Blocks\Asio\src</Filter>
    </ClInclude>
    <ClInclude Include="..\..\..\..\Cinder-Asio_banthrewind\src\TcpServerEventHandlerInterface.h">
      <Filter>Blocks\Asio\src</Filter>
    </ClInclude>
    <ClInclude Include="..\..\..\..\Cinder-Asio_banthrewind\src\TcpSession.h">
      <Filter>Blocks\Asio\src</Filter>
    </ClInclude>
    <ClInclude Include="..\..\..\..\Cinder-Asio_banthrewind\src\TcpSessionEventHandlerInterface.h">
      <Filter>Blocks\Asio\src</Filter>
    </ClInclude>
    <ClInclude Include="..\..\..\..\Cinder-Asio_banthrewind\src\UdpClient.h">
      <Filter>Blocks\Asio\src</Filter>
    </ClInclude>
    <ClInclude Include="..\..\..\..\Cinder-Asio_banthrewind\src\UdpClientEventHandlerInterface.h">
      <Filter>Blocks\Asio\src</Filter>
    </ClInclude>
    <ClInclude Include="..\..\..\..\Cinder-Asio_banthrewind\src\UdpServer.h">
      <Filter>Blocks\Asio\src</Filter>
    </ClInclude>
    <ClInclude Include="..\..\..\..\Cinder-Asio_banthrewind\src\UdpServerEventHandlerInterface.h">
      <Filter>Blocks\Asio\src</Filter>
    </ClInclude>
    <ClInclude Include="..\..\..\..\Cinder-Asio_banthrewind\src\UdpSession.h">
      <Filter>Blocks\Asio\src</Filter>
    </ClInclude>
    <ClInclude Include="..\..\..\..\Cinder-Asio_banthrewind\src\UdpSessionEventHandlerInterface.h">
      <Filter>Blocks\Asio\src</Filter>
    </ClInclude>
    <ClInclude Include="..\..\..\..\Cinder-Asio_banthrewind\src\WaitTimer.h">
      <Filter>Blocks\Asio\src</Filter>
    </ClInclude>
    <ClInclude Include="..\..\..\..\Cinder-Asio_banthrewind\src\WaitTimerEventHandlerInterface.h">
      <Filter>Blocks\Asio\src</Filter>
    </ClInclude>
    <ClInclude Include="..\..\..\src\cocMaster.h">
      <Filter>Blocks\CoC-SlaveDriver\src</Filter>
    </ClInclude>
    <ClInclude Include="..\..\..\src\cocSlave.h">
      <Filter>Blocks\CoC-SlaveDriver\src</Filter>
    </ClInclude>
    <ClInclude Include="..\..\..\src\cocSlaveDriverBase.h">
      <Filter>Blocks\CoC-SlaveDriver\src</Filter>
    </ClInclude>
    <ClCompile Include="..\..\..\src\cocMaster.cpp">
      <Filter>Blocks\CoC-SlaveDriver\src</Filter>
    </ClCompile>
    <ClCompile Include="..\..\..\src\cocSlave.cpp">
      <Filter>Blocks\CoC-SlaveDriver\src</Filter>
    </ClCompile>
    <ClCompile Include="..\..\..\src\cocSlaveDriverBase.cpp">
      <Filter>Blocks\CoC-SlaveDriver\src</Filter>
    </ClCompile>
  </ItemGroup>
  <ItemGroup>
    <ClInclude Include="..\include\Resources.h">
      <Filter>Header Files</Filter>
    </ClInclude>
  </ItemGroup>
  <ItemGroup>
    <ResourceCompile Include="Resources.rc">
      <Filter>Resource Files</Filter>
    </ResourceCompile>
  </ItemGroup>
</Project>
